// !$*UTF8*$!
{
	archiveVersion = 1;
	classes = {
	};
	objectVersion = 46;
	objects = {

/* Begin PBXBuildFile section */
		AC6130F71B1066DF00E1AE62 /* AppDelegate.swift in Sources */ = {isa = PBXBuildFile; fileRef = AC6130F61B1066DF00E1AE62 /* AppDelegate.swift */; };
		AC6130F91B1066DF00E1AE62 /* ViewController.swift in Sources */ = {isa = PBXBuildFile; fileRef = AC6130F81B1066DF00E1AE62 /* ViewController.swift */; };
		AC6130FC1B1066DF00E1AE62 /* Main.storyboard in Resources */ = {isa = PBXBuildFile; fileRef = AC6130FA1B1066DF00E1AE62 /* Main.storyboard */; };
		AC6130FE1B1066DF00E1AE62 /* Images.xcassets in Resources */ = {isa = PBXBuildFile; fileRef = AC6130FD1B1066DF00E1AE62 /* Images.xcassets */; };
		AC6131011B1066DF00E1AE62 /* LaunchScreen.xib in Resources */ = {isa = PBXBuildFile; fileRef = AC6130FF1B1066DF00E1AE62 /* LaunchScreen.xib */; };
		AC61310D1B1066DF00E1AE62 /* iBeaconTestTests.swift in Sources */ = {isa = PBXBuildFile; fileRef = AC61310C1B1066DF00E1AE62 /* iBeaconTestTests.swift */; };
/* End PBXBuildFile section */

/* Begin PBXContainerItemProxy section */
		AC6131071B1066DF00E1AE62 /* PBXContainerItemProxy */ = {
			isa = PBXContainerItemProxy;
			containerPortal = AC6130E91B1066DF00E1AE62 /* Project object */;
			proxyType = 1;
			remoteGlobalIDString = AC6130F01B1066DF00E1AE62;
			remoteInfo = iBeaconTest;
		};
/* End PBXContainerItemProxy section */

/* Begin PBXFileReference section */
		AC6130F11B1066DF00E1AE62 /* iBeaconTest.app */ = {isa = PBXFileReference; explicitFileType = wrapper.application; includeInIndex = 0; path = iBeaconTest.app; sourceTree = BUILT_PRODUCTS_DIR; };
		AC6130F51B1066DF00E1AE62 /* Info.plist */ = {isa = PBXFileReference; lastKnownFileType = text.plist.xml; path = Info.plist; sourceTree = "<group>"; };
		AC6130F61B1066DF00E1AE62 /* AppDelegate.swift */ = {isa = PBXFileReference; lastKnownFileType = sourcecode.swift; path = AppDelegate.swift; sourceTree = "<group>"; };
		AC6130F81B1066DF00E1AE62 /* ViewController.swift */ = {isa = PBXFileReference; lastKnownFileType = sourcecode.swift; path = ViewController.swift; sourceTree = "<group>"; };
		AC6130FB1B1066DF00E1AE62 /* Base */ = {isa = PBXFileReference; lastKnownFileType = file.storyboard; name = Base; path = Base.lproj/Main.storyboard; sourceTree = "<group>"; };
		AC6130FD1B1066DF00E1AE62 /* Images.xcassets */ = {isa = PBXFileReference; lastKnownFileType = folder.assetcatalog; path = Images.xcassets; sourceTree = "<group>"; };
		AC6131001B1066DF00E1AE62 /* Base */ = {isa = PBXFileReference; lastKnownFileType = file.xib; name = Base; path = Base.lproj/LaunchScreen.xib; sourceTree = "<group>"; };
		AC6131061B1066DF00E1AE62 /* iBeaconTestTests.xctest */ = {isa = PBXFileReference; explicitFileType = wrapper.cfbundle; includeInIndex = 0; path = iBeaconTestTests.xctest; sourceTree = BUILT_PRODUCTS_DIR; };
		AC61310B1B1066DF00E1AE62 /* Info.plist */ = {isa = PBXFileReference; lastKnownFileType = text.plist.xml; path = Info.plist; sourceTree = "<group>"; };
		AC61310C1B1066DF00E1AE62 /* iBeaconTestTests.swift */ = {isa = PBXFileReference; lastKnownFileType = sourcecode.swift; path = iBeaconTestTests.swift; sourceTree = "<group>"; };
/* End PBXFileReference section */

/* Begin PBXFrameworksBuildPhase section */
		AC6130EE1B1066DF00E1AE62 /* Frameworks */ = {
			isa = PBXFrameworksBuildPhase;
			buildActionMask = 2147483647;
			files = (
			);
			runOnlyForDeploymentPostprocessing = 0;
		};
		AC6131031B1066DF00E1AE62 /* Frameworks */ = {
			isa = PBXFrameworksBuildPhase;
			buildActionMask = 2147483647;
			files = (
			);
			runOnlyForDeploymentPostprocessing = 0;
		};
/* End PBXFrameworksBuildPhase section */

/* Begin PBXGroup section */
		AC6130E81B1066DF00E1AE62 = {
			isa = PBXGroup;
			children = (
				AC6130F31B1066DF00E1AE62 /* iBeaconTest */,
				AC6131091B1066DF00E1AE62 /* iBeaconTestTests */,
				AC6130F21B1066DF00E1AE62 /* Products */,
			);
			sourceTree = "<group>";
		};
		AC6130F21B1066DF00E1AE62 /* Products */ = {
			isa = PBXGroup;
			children = (
				AC6130F11B1066DF00E1AE62 /* iBeaconTest.app */,
				AC6131061B1066DF00E1AE62 /* iBeaconTestTests.xctest */,
			);
			name = Products;
			sourceTree = "<group>";
		};
		AC6130F31B1066DF00E1AE62 /* iBeaconTest */ = {
			isa = PBXGroup;
			children = (
				AC6130F61B1066DF00E1AE62 /* AppDelegate.swift */,
				AC6130F81B1066DF00E1AE62 /* ViewController.swift */,
				AC6130FA1B1066DF00E1AE62 /* Main.storyboard */,
				AC6130FD1B1066DF00E1AE62 /* Images.xcassets */,
				AC6130FF1B1066DF00E1AE62 /* LaunchScreen.xib */,
				AC6130F41B1066DF00E1AE62 /* Supporting Files */,
			);
			path = iBeaconTest;
			sourceTree = "<group>";
		};
		AC6130F41B1066DF00E1AE62 /* Supporting Files */ = {
			isa = PBXGroup;
			children = (
				AC6130F51B1066DF00E1AE62 /* Info.plist */,
			);
			name = "Supporting Files";
			sourceTree = "<group>";
		};
		AC6131091B1066DF00E1AE62 /* iBeaconTestTests */ = {
			isa = PBXGroup;
			children = (
				AC61310C1B1066DF00E1AE62 /* iBeaconTestTests.swift */,
				AC61310A1B1066DF00E1AE62 /* Supporting Files */,
			);
			path = iBeaconTestTests;
			sourceTree = "<group>";
		};
		AC61310A1B1066DF00E1AE62 /* Supporting Files */ = {
			isa = PBXGroup;
			children = (
				AC61310B1B1066DF00E1AE62 /* Info.plist */,
			);
			name = "Supporting Files";
			sourceTree = "<group>";
		};
/* End PBXGroup section */

/* Begin PBXNativeTarget section */
		AC6130F01B1066DF00E1AE62 /* iBeaconTest */ = {
			isa = PBXNativeTarget;
			buildConfigurationList = AC6131101B1066DF00E1AE62 /* Build configuration list for PBXNativeTarget "iBeaconTest" */;
			buildPhases = (
				AC6130ED1B1066DF00E1AE62 /* Sources */,
				AC6130EE1B1066DF00E1AE62 /* Frameworks */,
				AC6130EF1B1066DF00E1AE62 /* Resources */,
			);
			buildRules = (
			);
			dependencies = (
			);
			name = iBeaconTest;
			productName = iBeaconTest;
			productReference = AC6130F11B1066DF00E1AE62 /* iBeaconTest.app */;
			productType = "com.apple.product-type.application";
		};
		AC6131051B1066DF00E1AE62 /* iBeaconTestTests */ = {
			isa = PBXNativeTarget;
			buildConfigurationList = AC6131131B1066DF00E1AE62 /* Build configuration list for PBXNativeTarget "iBeaconTestTests" */;
			buildPhases = (
				AC6131021B1066DF00E1AE62 /* Sources */,
				AC6131031B1066DF00E1AE62 /* Frameworks */,
				AC6131041B1066DF00E1AE62 /* Resources */,
			);
			buildRules = (
			);
			dependencies = (
				AC6131081B1066DF00E1AE62 /* PBXTargetDependency */,
			);
			name = iBeaconTestTests;
			productName = iBeaconTestTests;
			productReference = AC6131061B1066DF00E1AE62 /* iBeaconTestTests.xctest */;
			productType = "com.apple.product-type.bundle.unit-test";
		};
/* End PBXNativeTarget section */

/* Begin PBXProject section */
		AC6130E91B1066DF00E1AE62 /* Project object */ = {
			isa = PBXProject;
			attributes = {
				LastUpgradeCheck = 0630;
				ORGANIZATIONNAME = "Takeshi Fujiki";
				TargetAttributes = {
					AC6130F01B1066DF00E1AE62 = {
						CreatedOnToolsVersion = 6.3.1;
					};
					AC6131051B1066DF00E1AE62 = {
						CreatedOnToolsVersion = 6.3.1;
						TestTargetID = AC6130F01B1066DF00E1AE62;
					};
				};
			};
			buildConfigurationList = AC6130EC1B1066DF00E1AE62 /* Build configuration list for PBXProject "iBeaconTest" */;
			compatibilityVersion = "Xcode 3.2";
			developmentRegion = English;
			hasScannedForEncodings = 0;
			knownRegions = (
				en,
				Base,
			);
			mainGroup = AC6130E81B1066DF00E1AE62;
			productRefGroup = AC6130F21B1066DF00E1AE62 /* Products */;
			projectDirPath = "";
			projectRoot = "";
			targets = (
				AC6130F01B1066DF00E1AE62 /* iBeaconTest */,
				AC6131051B1066DF00E1AE62 /* iBeaconTestTests */,
			);
		};
/* End PBXProject section */

/* Begin PBXResourcesBuildPhase section */
		AC6130EF1B1066DF00E1AE62 /* Resources */ = {
			isa = PBXResourcesBuildPhase;
			buildActionMask = 2147483647;
			files = (
				AC6130FC1B1066DF00E1AE62 /* Main.storyboard in Resources */,
				AC6131011B1066DF00E1AE62 /* LaunchScreen.xib in Resources */,
				AC6130FE1B1066DF00E1AE62 /* Images.xcassets in Resources */,
			);
			runOnlyForDeploymentPostprocessing = 0;
		};
		AC6131041B1066DF00E1AE62 /* Resources */ = {
			isa = PBXResourcesBuildPhase;
			buildActionMask = 2147483647;
			files = (
			);
			runOnlyForDeploymentPostprocessing = 0;
		};
/* End PBXResourcesBuildPhase section */

/* Begin PBXSourcesBuildPhase section */
		AC6130ED1B1066DF00E1AE62 /* Sources */ = {
			isa = PBXSourcesBuildPhase;
			buildActionMask = 2147483647;
			files = (
				AC6130F91B1066DF00E1AE62 /* ViewController.swift in Sources */,
				AC6130F71B1066DF00E1AE62 /* AppDelegate.swift in Sources */,
			);
			runOnlyForDeploymentPostprocessing = 0;
		};
		AC6131021B1066DF00E1AE62 /* Sources */ = {
			isa = PBXSourcesBuildPhase;
			buildActionMask = 2147483647;
			files = (
				AC61310D1B1066DF00E1AE62 /* iBeaconTestTests.swift in Sources */,
			);
			runOnlyForDeploymentPostprocessing = 0;
		};
/* End PBXSourcesBuildPhase section */

/* Begin PBXTargetDependency section */
		AC6131081B1066DF00E1AE62 /* PBXTargetDependency */ = {
			isa = PBXTargetDependency;
			target = AC6130F01B1066DF00E1AE62 /* iBeaconTest */;
			targetProxy = AC6131071B1066DF00E1AE62 /* PBXContainerItemProxy */;
		};
/* End PBXTargetDependency section */

/* Begin PBXVariantGroup section */
		AC6130FA1B1066DF00E1AE62 /* Main.storyboard */ = {
			isa = PBXVariantGroup;
			children = (
				AC6130FB1B1066DF00E1AE62 /* Base */,
			);
			name = Main.storyboard;
			sourceTree = "<group>";
		};
		AC6130FF1B1066DF00E1AE62 /* LaunchScreen.xib */ = {
			isa = PBXVariantGroup;
			children = (
				AC6131001B1066DF00E1AE62 /* Base */,
			);
			name = LaunchScreen.xib;
			sourceTree = "<group>";
		};
/* End PBXVariantGroup section */

/* Begin XCBuildConfiguration section */
		AC61310E1B1066DF00E1AE62 /* Debug */ = {
			isa = XCBuildConfiguration;
			buildSettings = {
				ALWAYS_SEARCH_USER_PATHS = NO;
				CLANG_CXX_LANGUAGE_STANDARD = "gnu++0x";
				CLANG_CXX_LIBRARY = "libc++";
				CLANG_ENABLE_MODULES = YES;
				CLANG_ENABLE_OBJC_ARC = YES;
				CLANG_WARN_BOOL_CONVERSION = YES;
				CLANG_WARN_CONSTANT_CONVERSION = YES;
				CLANG_WARN_DIRECT_OBJC_ISA_USAGE = YES_ERROR;
				CLANG_WARN_EMPTY_BODY = YES;
				CLANG_WARN_ENUM_CONVERSION = YES;
				CLANG_WARN_INT_CONVERSION = YES;
				CLANG_WARN_OBJC_ROOT_CLASS = YES_ERROR;
				CLANG_WARN_UNREACHABLE_CODE = YES;
				CLANG_WARN__DUPLICATE_METHOD_MATCH = YES;
				"CODE_SIGN_IDENTITY[sdk=iphoneos*]" = "iPhone Developer";
				COPY_PHASE_STRIP = NO;
				DEBUG_INFORMATION_FORMAT = "dwarf-with-dsym";
				ENABLE_STRICT_OBJC_MSGSEND = YES;
				GCC_C_LANGUAGE_STANDARD = gnu99;
				GCC_DYNAMIC_NO_PIC = NO;
				GCC_NO_COMMON_BLOCKS = YES;
				GCC_OPTIMIZATION_LEVEL = 0;
				GCC_PREPROCESSOR_DEFINITIONS = (
					"DEBUG=1",
					"$(inherited)",
				);
				GCC_SYMBOLS_PRIVATE_EXTERN = NO;
				GCC_WARN_64_TO_32_BIT_CONVERSION = YES;
				GCC_WARN_ABOUT_RETURN_TYPE = YES_ERROR;
				GCC_WARN_UNDECLARED_SELECTOR = YES;
				GCC_WARN_UNINITIALIZED_AUTOS = YES_AGGRESSIVE;
				GCC_WARN_UNUSED_FUNCTION = YES;
				GCC_WARN_UNUSED_VARIABLE = YES;
				IPHONEOS_DEPLOYMENT_TARGET = 8.3;
				MTL_ENABLE_DEBUG_INFO = YES;
				ONLY_ACTIVE_ARCH = YES;
				SDKROOT = iphoneos;
				SWIFT_OPTIMIZATION_LEVEL = "-Onone";
			};
			name = Debug;
		};
		AC61310F1B1066DF00E1AE62 /* Release */ = {
			isa = XCBuildConfiguration;
			buildSettings = {
				ALWAYS_SEARCH_USER_PATHS = NO;
				CLANG_CXX_LANGUAGE_STANDARD = "gnu++0x";
				CLANG_CXX_LIBRARY = "libc++";
				CLANG_ENABLE_MODULES = YES;
				CLANG_ENABLE_OBJC_ARC = YES;
				CLANG_WARN_BOOL_CONVERSION = YES;
				CLANG_WARN_CONSTANT_CONVERSION = YES;
				CLANG_WARN_DIRECT_OBJC_ISA_USAGE = YES_ERROR;
				CLANG_WARN_EMPTY_BODY = YES;
				CLANG_WARN_ENUM_CONVERSION = YES;
				CLANG_WARN_INT_CONVERSION = YES;
				CLANG_WARN_OBJC_ROOT_CLASS = YES_ERROR;
				CLANG_WARN_UNREACHABLE_CODE = YES;
				CLANG_WARN__DUPLICATE_METHOD_MATCH = YES;
				"CODE_SIGN_IDENTITY[sdk=iphoneos*]" = "iPhone Developer";
				COPY_PHASE_STRIP = NO;
				DEBUG_INFORMATION_FORMAT = "dwarf-with-dsym";
				ENABLE_NS_ASSERTIONS = NO;
				ENABLE_STRICT_OBJC_MSGSEND = YES;
				GCC_C_LANGUAGE_STANDARD = gnu99;
				GCC_NO_COMMON_BLOCKS = YES;
				GCC_WARN_64_TO_32_BIT_CONVERSION = YES;
				GCC_WARN_ABOUT_RETURN_TYPE = YES_ERROR;
				GCC_WARN_UNDECLARED_SELECTOR = YES;
				GCC_WARN_UNINITIALIZED_AUTOS = YES_AGGRESSIVE;
				GCC_WARN_UNUSED_FUNCTION = YES;
				GCC_WARN_UNUSED_VARIABLE = YES;
				IPHONEOS_DEPLOYMENT_TARGET = 8.3;
				MTL_ENABLE_DEBUG_INFO = NO;
				SDKROOT = iphoneos;
				VALIDATE_PRODUCT = YES;
			};
			name = Release;
		};
		AC6131111B1066DF00E1AE62 /* Debug */ = {
			isa = XCBuildConfiguration;
			buildSettings = {
				ASSETCATALOG_COMPILER_APPICON_NAME = AppIcon;
				INFOPLIST_FILE = iBeaconTest/Info.plist;
				LD_RUNPATH_SEARCH_PATHS = "$(inherited) @executable_path/Frameworks";
				PRODUCT_NAME = "$(TARGET_NAME)";
			};
			name = Debug;
		};
		AC6131121B1066DF00E1AE62 /* Release */ = {
			isa = XCBuildConfiguration;
			buildSettings = {
				ASSETCATALOG_COMPILER_APPICON_NAME = AppIcon;
				INFOPLIST_FILE = iBeaconTest/Info.plist;
				LD_RUNPATH_SEARCH_PATHS = "$(inherited) @executable_path/Frameworks";
				PRODUCT_NAME = "$(TARGET_NAME)";
			};
			name = Release;
		};
		AC6131141B1066DF00E1AE62 /* Debug */ = {
			isa = XCBuildConfiguration;
			buildSettings = {
				BUNDLE_LOADER = "$(TEST_HOST)";
				FRAMEWORK_SEARCH_PATHS = (
					"$(SDKROOT)/Developer/Library/Frameworks",
					"$(inherited)",
				);
				GCC_PREPROCESSOR_DEFINITIONS = (
					"DEBUG=1",
					"$(inherited)",
				);
				INFOPLIST_FILE = iBeaconTestTests/Info.plist;
				LD_RUNPATH_SEARCH_PATHS = "$(inherited) @executable_path/Frameworks @loader_path/Frameworks";
				PRODUCT_NAME = "$(TARGET_NAME)";
				TEST_HOST = "$(BUILT_PRODUCTS_DIR)/iBeaconTest.app/iBeaconTest";
			};
			name = Debug;
		};
		AC6131151B1066DF00E1AE62 /* Release */ = {
			isa = XCBuildConfiguration;
			buildSettings = {
				BUNDLE_LOADER = "$(TEST_HOST)";
				FRAMEWORK_SEARCH_PATHS = (
					"$(SDKROOT)/Developer/Library/Frameworks",
					"$(inherited)",
				);
				INFOPLIST_FILE = iBeaconTestTests/Info.plist;
				LD_RUNPATH_SEARCH_PATHS = "$(inherited) @executable_path/Frameworks @loader_path/Frameworks";
				PRODUCT_NAME = "$(TARGET_NAME)";
				TEST_HOST = "$(BUILT_PRODUCTS_DIR)/iBeaconTest.app/iBeaconTest";
			};
			name = Release;
		};
/* End XCBuildConfiguration section */

/* Begin XCConfigurationList section */
		AC6130EC1B1066DF00E1AE62 /* Build configuration list for PBXProject "iBeaconTest" */ = {
			isa = XCConfigurationList;
			buildConfigurations = (
				AC61310E1B1066DF00E1AE62 /* Debug */,
				AC61310F1B1066DF00E1AE62 /* Release */,
			);
			defaultConfigurationIsVisible = 0;
			defaultConfigurationName = Release;
		};
		AC6131101B1066DF00E1AE62 /* Build configuration list for PBXNativeTarget "iBeaconTest" */ = {
			isa = XCConfigurationList;
			buildConfigurations = (
				AC6131111B1066DF00E1AE62 /* Debug */,
				AC6131121B1066DF00E1AE62 /* Release */,
			);
			defaultConfigurationIsVisible = 0;
		};
		AC6131131B1066DF00E1AE62 /* Build configuration list for PBXNativeTarget "iBeaconTestTests" */ = {
			isa = XCConfigurationList;
			buildConfigurations = (
				AC6131141B1066DF00E1AE62 /* Debug */,
				AC6131151B1066DF00E1AE62 /* Release */,
			);
			defaultConfigurationIsVisible = 0;
		};
/* End XCConfigurationList section */
	};
	rootObject = AC6130E91B1066DF00E1AE62 /* Project object */;
}
